
Microsoft Visual Studio Solution File, Format Version 12.00
# Visual Studio Version 17
VisualStudioVersion = 17.8.34330.188
MinimumVisualStudioVersion = 10.0.40219.1
Project("{FAE04EC0-301F-11D3-BF4B-00C04F79EFBC}") = "ffs102_JwtTokenExam", "ffs102_JwtTokenExam\ffs102_JwtTokenExam.csproj", "{0E74A3A9-277E-47D1-8D55-7ECC1AE2BCF3}"
EndProject
Global
	GlobalSection(SolutionConfigurationPlatforms) = preSolution
		Debug|Any CPU = Debug|Any CPU
		Release|Any CPU = Release|Any CPU
	EndGlobalSection
	GlobalSection(ProjectConfigurationPlatforms) = postSolution
		{0E74A3A9-277E-47D1-8D55-7ECC1AE2BCF3}.Debug|Any CPU.ActiveCfg = Debug|Any CPU
		{0E74A3A9-277E-47D1-8D55-7ECC1AE2BCF3}.Debug|Any CPU.Build.0 = Debug|Any CPU
		{0E74A3A9-277E-47D1-8D55-7ECC1AE2BCF3}.Release|Any CPU.ActiveCfg = Release|Any CPU
		{0E74A3A9-277E-47D1-8D55-7ECC1AE2BCF3}.Release|Any CPU.Build.0 = Release|Any CPU
	EndGlobalSection
	GlobalSection(SolutionProperties) = preSolution
		HideSolutionNode = FALSE
	EndGlobalSection
	GlobalSection(ExtensibilityGlobals) = postSolution
		SolutionGuid = {B0AF5C94-EA12-4003-9B84-D0420B5EACC0}
	EndGlobalSection
EndGlobal
